
Microsoft Visual Studio Solution File, Format Version 12.00
# Visual Studio Version 16
VisualStudioVersion = 16.0.30503.244
MinimumVisualStudioVersion = 10.0.40219.1
Project("{FAE04EC0-301F-11D3-BF4B-00C04F79EFBC}") = "DisKami", "DisKami\DisKami.csproj", "{9A23909A-308B-47A9-8CE9-D82A7A53AC07}"
EndProject
Global
	GlobalSection(SolutionConfigurationPlatforms) = preSolution
		Debug|Any CPU = Debug|Any CPU
		Release|Any CPU = Release|Any CPU
	EndGlobalSection
	GlobalSection(ProjectConfigurationPlatforms) = postSolution
		{9A23909A-308B-47A9-8CE9-D82A7A53AC07}.Debug|Any CPU.ActiveCfg = Debug|Any CPU
		{9A23909A-308B-47A9-8CE9-D82A7A53AC07}.Debug|Any CPU.Build.0 = Debug|Any CPU
		{9A23909A-308B-47A9-8CE9-D82A7A53AC07}.Release|Any CPU.ActiveCfg = Release|Any CPU
		{9A23909A-308B-47A9-8CE9-D82A7A53AC07}.Release|Any CPU.Build.0 = Release|Any CPU
	EndGlobalSection
	GlobalSection(SolutionProperties) = preSolution
		HideSolutionNode = FALSE
	EndGlobalSection
	GlobalSection(ExtensibilityGlobals) = postSolution
		SolutionGuid = {5C8F9ABA-8373-4989-A8F0-FDD8CF0C38E4}
	EndGlobalSection
EndGlobal
